
Microsoft Visual Studio Solution File, Format Version 12.00
# Visual Studio Version 17
VisualStudioVersion = 17.2.32616.157
MinimumVisualStudioVersion = 10.0.40219.1
Project("{9A19103F-16F7-4668-BE54-9A1E7A4F7556}") = "01.SumAdjacentEqualNumbers", "01.SumAdjacentEqualNumbers\01.SumAdjacentEqualNumbers.csproj", "{B706D750-FF24-4602-9F94-BDA312B845D6}"
EndProject
Project("{9A19103F-16F7-4668-BE54-9A1E7A4F7556}") = "02.GaussTrick", "02.GaussTrick\02.GaussTrick.csproj", "{A45D3D6B-E888-4222-B3A7-9F726A4F55B2}"
EndProject
Project("{9A19103F-16F7-4668-BE54-9A1E7A4F7556}") = "03.MergingLists", "03.MergingLists\03.MergingLists.csproj", "{BCCD822B-8CCB-4EC3-9969-09F4ED60AE25}"
EndProject
Project("{9A19103F-16F7-4668-BE54-9A1E7A4F7556}") = "04.ListOfProducts", "04.ListOfProducts\04.ListOfProducts.csproj", "{DD60C68F-16A6-4459-A6E2-0602327E9DE0}"
EndProject
Project("{9A19103F-16F7-4668-BE54-9A1E7A4F7556}") = "05.RemoveNegativesAndReverse", "05.RemoveNegativesAndReverse\05.RemoveNegativesAndReverse.csproj", "{8B82B317-CF81-468D-9A8F-B73D7A440CCD}"
EndProject
Project("{9A19103F-16F7-4668-BE54-9A1E7A4F7556}") = "06.ListManipulationBasics", "06.ListManipulationBasics\06.ListManipulationBasics.csproj", "{8863D254-3710-40EC-882C-D776798EF70D}"
EndProject
Project("{FAE04EC0-301F-11D3-BF4B-00C04F79EFBC}") = "07.ListManipulationAdvanced", "07.ListManipulationAdvanced\07.ListManipulationAdvanced.csproj", "{2852D82D-2B58-4E61-8C4B-EBD790640751}"
EndProject
Global
	GlobalSection(SolutionConfigurationPlatforms) = preSolution
		Debug|Any CPU = Debug|Any CPU
		Release|Any CPU = Release|Any CPU
	EndGlobalSection
	GlobalSection(ProjectConfigurationPlatforms) = postSolution
		{B706D750-FF24-4602-9F94-BDA312B845D6}.Debug|Any CPU.ActiveCfg = Debug|Any CPU
		{B706D750-FF24-4602-9F94-BDA312B845D6}.Debug|Any CPU.Build.0 = Debug|Any CPU
		{B706D750-FF24-4602-9F94-BDA312B845D6}.Release|Any CPU.ActiveCfg = Release|Any CPU
		{B706D750-FF24-4602-9F94-BDA312B845D6}.Release|Any CPU.Build.0 = Release|Any CPU
		{A45D3D6B-E888-4222-B3A7-9F726A4F55B2}.Debug|Any CPU.ActiveCfg = Debug|Any CPU
		{A45D3D6B-E888-4222-B3A7-9F726A4F55B2}.Debug|Any CPU.Build.0 = Debug|Any CPU
		{A45D3D6B-E888-4222-B3A7-9F726A4F55B2}.Release|Any CPU.ActiveCfg = Release|Any CPU
		{A45D3D6B-E888-4222-B3A7-9F726A4F55B2}.Release|Any CPU.Build.0 = Release|Any CPU
		{BCCD822B-8CCB-4EC3-9969-09F4ED60AE25}.Debug|Any CPU.ActiveCfg = Debug|Any CPU
		{BCCD822B-8CCB-4EC3-9969-09F4ED60AE25}.Debug|Any CPU.Build.0 = Debug|Any CPU
		{BCCD822B-8CCB-4EC3-9969-09F4ED60AE25}.Release|Any CPU.ActiveCfg = Release|Any CPU
		{BCCD822B-8CCB-4EC3-9969-09F4ED60AE25}.Release|Any CPU.Build.0 = Release|Any CPU
		{DD60C68F-16A6-4459-A6E2-0602327E9DE0}.Debug|Any CPU.ActiveCfg = Debug|Any CPU
		{DD60C68F-16A6-4459-A6E2-0602327E9DE0}.Debug|Any CPU.Build.0 = Debug|Any CPU
		{DD60C68F-16A6-4459-A6E2-0602327E9DE0}.Release|Any CPU.ActiveCfg = Release|Any CPU
		{DD60C68F-16A6-4459-A6E2-0602327E9DE0}.Release|Any CPU.Build.0 = Release|Any CPU
		{8B82B317-CF81-468D-9A8F-B73D7A440CCD}.Debug|Any CPU.ActiveCfg = Debug|Any CPU
		{8B82B317-CF81-468D-9A8F-B73D7A440CCD}.Debug|Any CPU.Build.0 = Debug|Any CPU
		{8B82B317-CF81-468D-9A8F-B73D7A440CCD}.Release|Any CPU.ActiveCfg = Release|Any CPU
		{8B82B317-CF81-468D-9A8F-B73D7A440CCD}.Release|Any CPU.Build.0 = Release|Any CPU
		{8863D254-3710-40EC-882C-D776798EF70D}.Debug|Any CPU.ActiveCfg = Debug|Any CPU
		{8863D254-3710-40EC-882C-D776798EF70D}.Debug|Any CPU.Build.0 = Debug|Any CPU
		{8863D254-3710-40EC-882C-D776798EF70D}.Release|Any CPU.ActiveCfg = Release|Any CPU
		{8863D254-3710-40EC-882C-D776798EF70D}.Release|Any CPU.Build.0 = Release|Any CPU
		{2852D82D-2B58-4E61-8C4B-EBD790640751}.Debug|Any CPU.ActiveCfg = Debug|Any CPU
		{2852D82D-2B58-4E61-8C4B-EBD790640751}.Debug|Any CPU.Build.0 = Debug|Any CPU
		{2852D82D-2B58-4E61-8C4B-EBD790640751}.Release|Any CPU.ActiveCfg = Release|Any CPU
		{2852D82D-2B58-4E61-8C4B-EBD790640751}.Release|Any CPU.Build.0 = Release|Any CPU
	EndGlobalSection
	GlobalSection(SolutionProperties) = preSolution
		HideSolutionNode = FALSE
	EndGlobalSection
	GlobalSection(ExtensibilityGlobals) = postSolution
		SolutionGuid = {56E2D704-F0D0-4924-B516-351FE24B51A5}
	EndGlobalSection
EndGlobal
