
Microsoft Visual Studio Solution File, Format Version 12.00
# Visual Studio Version 17
VisualStudioVersion = 17.2.32616.157
MinimumVisualStudioVersion = 10.0.40219.1
Project("{FAE04EC0-301F-11D3-BF4B-00C04F79EFBC}") = "Longest Palindrome Sub-List", "Longest Palindrome Sub-List\Longest Palindrome Sub-List.csproj", "{FF9097BB-AAC7-4210-870A-889CDDDDE04E}"
EndProject
Global
	GlobalSection(SolutionConfigurationPlatforms) = preSolution
		Debug|Any CPU = Debug|Any CPU
		Release|Any CPU = Release|Any CPU
	EndGlobalSection
	GlobalSection(ProjectConfigurationPlatforms) = postSolution
		{FF9097BB-AAC7-4210-870A-889CDDDDE04E}.Debug|Any CPU.ActiveCfg = Debug|Any CPU
		{FF9097BB-AAC7-4210-870A-889CDDDDE04E}.Debug|Any CPU.Build.0 = Debug|Any CPU
		{FF9097BB-AAC7-4210-870A-889CDDDDE04E}.Release|Any CPU.ActiveCfg = Release|Any CPU
		{FF9097BB-AAC7-4210-870A-889CDDDDE04E}.Release|Any CPU.Build.0 = Release|Any CPU
	EndGlobalSection
	GlobalSection(SolutionProperties) = preSolution
		HideSolutionNode = FALSE
	EndGlobalSection
	GlobalSection(ExtensibilityGlobals) = postSolution
		SolutionGuid = {F981FB0E-D6A5-4627-9E09-6AFA81B00DB4}
	EndGlobalSection
EndGlobal
