
Microsoft Visual Studio Solution File, Format Version 12.00
# Visual Studio Version 17
VisualStudioVersion = 17.2.32616.157
MinimumVisualStudioVersion = 10.0.40219.1
Project("{FAE04EC0-301F-11D3-BF4B-00C04F79EFBC}") = "01.Messaging", "01.Messaging\01.Messaging.csproj", "{3DF87C51-2ACA-4D62-A055-D00A46C3CEB8}"
EndProject
Project("{FAE04EC0-301F-11D3-BF4B-00C04F79EFBC}") = "02.CarRace", "02.CarRace\02.CarRace.csproj", "{82FDC945-B0F2-4F12-BF81-EA9C1B301B7D}"
EndProject
Project("{FAE04EC0-301F-11D3-BF4B-00C04F79EFBC}") = "03.TakeSkipRope", "03.TakeSkipRope\03.TakeSkipRope.csproj", "{F579B211-2752-4030-94D8-510301FCE894}"
EndProject
Project("{FAE04EC0-301F-11D3-BF4B-00C04F79EFBC}") = "04.MixedUpLists", "04.MixedUpLists\04.MixedUpLists.csproj", "{73DFE117-B213-4972-BAB7-D88773C4DA47}"
EndProject
Project("{FAE04EC0-301F-11D3-BF4B-00C04F79EFBC}") = "05.DrumSet", "05.DrumSet\05.DrumSet.csproj", "{3423EFA3-B219-40CC-806E-275E50FAB2A5}"
EndProject
Global
	GlobalSection(SolutionConfigurationPlatforms) = preSolution
		Debug|Any CPU = Debug|Any CPU
		Release|Any CPU = Release|Any CPU
	EndGlobalSection
	GlobalSection(ProjectConfigurationPlatforms) = postSolution
		{3DF87C51-2ACA-4D62-A055-D00A46C3CEB8}.Debug|Any CPU.ActiveCfg = Debug|Any CPU
		{3DF87C51-2ACA-4D62-A055-D00A46C3CEB8}.Debug|Any CPU.Build.0 = Debug|Any CPU
		{3DF87C51-2ACA-4D62-A055-D00A46C3CEB8}.Release|Any CPU.ActiveCfg = Release|Any CPU
		{3DF87C51-2ACA-4D62-A055-D00A46C3CEB8}.Release|Any CPU.Build.0 = Release|Any CPU
		{82FDC945-B0F2-4F12-BF81-EA9C1B301B7D}.Debug|Any CPU.ActiveCfg = Debug|Any CPU
		{82FDC945-B0F2-4F12-BF81-EA9C1B301B7D}.Debug|Any CPU.Build.0 = Debug|Any CPU
		{82FDC945-B0F2-4F12-BF81-EA9C1B301B7D}.Release|Any CPU.ActiveCfg = Release|Any CPU
		{82FDC945-B0F2-4F12-BF81-EA9C1B301B7D}.Release|Any CPU.Build.0 = Release|Any CPU
		{F579B211-2752-4030-94D8-510301FCE894}.Debug|Any CPU.ActiveCfg = Debug|Any CPU
		{F579B211-2752-4030-94D8-510301FCE894}.Debug|Any CPU.Build.0 = Debug|Any CPU
		{F579B211-2752-4030-94D8-510301FCE894}.Release|Any CPU.ActiveCfg = Release|Any CPU
		{F579B211-2752-4030-94D8-510301FCE894}.Release|Any CPU.Build.0 = Release|Any CPU
		{73DFE117-B213-4972-BAB7-D88773C4DA47}.Debug|Any CPU.ActiveCfg = Debug|Any CPU
		{73DFE117-B213-4972-BAB7-D88773C4DA47}.Debug|Any CPU.Build.0 = Debug|Any CPU
		{73DFE117-B213-4972-BAB7-D88773C4DA47}.Release|Any CPU.ActiveCfg = Release|Any CPU
		{73DFE117-B213-4972-BAB7-D88773C4DA47}.Release|Any CPU.Build.0 = Release|Any CPU
		{3423EFA3-B219-40CC-806E-275E50FAB2A5}.Debug|Any CPU.ActiveCfg = Debug|Any CPU
		{3423EFA3-B219-40CC-806E-275E50FAB2A5}.Debug|Any CPU.Build.0 = Debug|Any CPU
		{3423EFA3-B219-40CC-806E-275E50FAB2A5}.Release|Any CPU.ActiveCfg = Release|Any CPU
		{3423EFA3-B219-40CC-806E-275E50FAB2A5}.Release|Any CPU.Build.0 = Release|Any CPU
	EndGlobalSection
	GlobalSection(SolutionProperties) = preSolution
		HideSolutionNode = FALSE
	EndGlobalSection
	GlobalSection(ExtensibilityGlobals) = postSolution
		SolutionGuid = {895F7318-74EB-402F-BBEE-B4484519E5F2}
	EndGlobalSection
EndGlobal
