
Microsoft Visual Studio Solution File, Format Version 12.00
# Visual Studio Version 17
VisualStudioVersion = 17.2.32616.157
MinimumVisualStudioVersion = 10.0.40219.1
Project("{FAE04EC0-301F-11D3-BF4B-00C04F79EFBC}") = "01. Student Information", "01. Student Information\01. Student Information.csproj", "{B90E5DD3-87B7-4520-AE14-28F31FCF0D30}"
EndProject
Project("{FAE04EC0-301F-11D3-BF4B-00C04F79EFBC}") = "02.Passed", "02.Passed\02.Passed.csproj", "{491A971D-8515-4894-AB66-63F7EA07E65B}"
EndProject
Project("{FAE04EC0-301F-11D3-BF4B-00C04F79EFBC}") = "03.PassedOrFailed", "03.PassedOrFailed\03.PassedOrFailed.csproj", "{AADE6F1C-5069-4854-973A-EE1183368BE0}"
EndProject
Project("{FAE04EC0-301F-11D3-BF4B-00C04F79EFBC}") = "test", "test\test.csproj", "{A32DE95E-308B-49ED-AEDF-6C42F1FA0141}"
EndProject
Global
	GlobalSection(SolutionConfigurationPlatforms) = preSolution
		Debug|Any CPU = Debug|Any CPU
		Release|Any CPU = Release|Any CPU
	EndGlobalSection
	GlobalSection(ProjectConfigurationPlatforms) = postSolution
		{B90E5DD3-87B7-4520-AE14-28F31FCF0D30}.Debug|Any CPU.ActiveCfg = Debug|Any CPU
		{B90E5DD3-87B7-4520-AE14-28F31FCF0D30}.Debug|Any CPU.Build.0 = Debug|Any CPU
		{B90E5DD3-87B7-4520-AE14-28F31FCF0D30}.Release|Any CPU.ActiveCfg = Release|Any CPU
		{B90E5DD3-87B7-4520-AE14-28F31FCF0D30}.Release|Any CPU.Build.0 = Release|Any CPU
		{491A971D-8515-4894-AB66-63F7EA07E65B}.Debug|Any CPU.ActiveCfg = Debug|Any CPU
		{491A971D-8515-4894-AB66-63F7EA07E65B}.Debug|Any CPU.Build.0 = Debug|Any CPU
		{491A971D-8515-4894-AB66-63F7EA07E65B}.Release|Any CPU.ActiveCfg = Release|Any CPU
		{491A971D-8515-4894-AB66-63F7EA07E65B}.Release|Any CPU.Build.0 = Release|Any CPU
		{AADE6F1C-5069-4854-973A-EE1183368BE0}.Debug|Any CPU.ActiveCfg = Debug|Any CPU
		{AADE6F1C-5069-4854-973A-EE1183368BE0}.Debug|Any CPU.Build.0 = Debug|Any CPU
		{AADE6F1C-5069-4854-973A-EE1183368BE0}.Release|Any CPU.ActiveCfg = Release|Any CPU
		{AADE6F1C-5069-4854-973A-EE1183368BE0}.Release|Any CPU.Build.0 = Release|Any CPU
		{A32DE95E-308B-49ED-AEDF-6C42F1FA0141}.Debug|Any CPU.ActiveCfg = Debug|Any CPU
		{A32DE95E-308B-49ED-AEDF-6C42F1FA0141}.Debug|Any CPU.Build.0 = Debug|Any CPU
		{A32DE95E-308B-49ED-AEDF-6C42F1FA0141}.Release|Any CPU.ActiveCfg = Release|Any CPU
		{A32DE95E-308B-49ED-AEDF-6C42F1FA0141}.Release|Any CPU.Build.0 = Release|Any CPU
	EndGlobalSection
	GlobalSection(SolutionProperties) = preSolution
		HideSolutionNode = FALSE
	EndGlobalSection
	GlobalSection(ExtensibilityGlobals) = postSolution
		SolutionGuid = {AECE75AC-76E6-487E-B85D-69D0459879A7}
	EndGlobalSection
EndGlobal
