
Microsoft Visual Studio Solution File, Format Version 12.00
# Visual Studio Version 17
VisualStudioVersion = 17.2.32616.157
MinimumVisualStudioVersion = 10.0.40219.1
Project("{FAE04EC0-301F-11D3-BF4B-00C04F79EFBC}") = "01.OrderByAge", "01.OrderByAge\01.OrderByAge.csproj", "{D60A8D61-6AD3-4431-821D-99979CD8DC1F}"
EndProject
Project("{FAE04EC0-301F-11D3-BF4B-00C04F79EFBC}") = "02.VehicleCatalogue", "02.VehicleCatalogue\02.VehicleCatalogue.csproj", "{317A95CE-7269-4D88-B7D4-B5557F108016}"
EndProject
Project("{FAE04EC0-301F-11D3-BF4B-00C04F79EFBC}") = "03.Jarvis", "03.Jarvis\03.Jarvis.csproj", "{BF700523-12C9-46A9-92C2-207FDDE21513}"
EndProject
Project("{FAE04EC0-301F-11D3-BF4B-00C04F79EFBC}") = "test", "test\test.csproj", "{B877E379-63D8-4E44-94D8-5DCB67BA226E}"
EndProject
Project("{FAE04EC0-301F-11D3-BF4B-00C04F79EFBC}") = "04.PunctuationFinder", "04.PunctuationFinder\04.PunctuationFinder.csproj", "{D41AB93B-DF33-4834-95B5-52D898752A32}"
EndProject
Project("{FAE04EC0-301F-11D3-BF4B-00C04F79EFBC}") = "05.WriteToFile", "05.WriteToFile\05.WriteToFile.csproj", "{E1BB35DB-A280-4464-BE18-DD9941FE4387}"
EndProject
Global
	GlobalSection(SolutionConfigurationPlatforms) = preSolution
		Debug|Any CPU = Debug|Any CPU
		Release|Any CPU = Release|Any CPU
	EndGlobalSection
	GlobalSection(ProjectConfigurationPlatforms) = postSolution
		{D60A8D61-6AD3-4431-821D-99979CD8DC1F}.Debug|Any CPU.ActiveCfg = Debug|Any CPU
		{D60A8D61-6AD3-4431-821D-99979CD8DC1F}.Debug|Any CPU.Build.0 = Debug|Any CPU
		{D60A8D61-6AD3-4431-821D-99979CD8DC1F}.Release|Any CPU.ActiveCfg = Release|Any CPU
		{D60A8D61-6AD3-4431-821D-99979CD8DC1F}.Release|Any CPU.Build.0 = Release|Any CPU
		{317A95CE-7269-4D88-B7D4-B5557F108016}.Debug|Any CPU.ActiveCfg = Debug|Any CPU
		{317A95CE-7269-4D88-B7D4-B5557F108016}.Debug|Any CPU.Build.0 = Debug|Any CPU
		{317A95CE-7269-4D88-B7D4-B5557F108016}.Release|Any CPU.ActiveCfg = Release|Any CPU
		{317A95CE-7269-4D88-B7D4-B5557F108016}.Release|Any CPU.Build.0 = Release|Any CPU
		{BF700523-12C9-46A9-92C2-207FDDE21513}.Debug|Any CPU.ActiveCfg = Debug|Any CPU
		{BF700523-12C9-46A9-92C2-207FDDE21513}.Debug|Any CPU.Build.0 = Debug|Any CPU
		{BF700523-12C9-46A9-92C2-207FDDE21513}.Release|Any CPU.ActiveCfg = Release|Any CPU
		{BF700523-12C9-46A9-92C2-207FDDE21513}.Release|Any CPU.Build.0 = Release|Any CPU
		{B877E379-63D8-4E44-94D8-5DCB67BA226E}.Debug|Any CPU.ActiveCfg = Debug|Any CPU
		{B877E379-63D8-4E44-94D8-5DCB67BA226E}.Debug|Any CPU.Build.0 = Debug|Any CPU
		{B877E379-63D8-4E44-94D8-5DCB67BA226E}.Release|Any CPU.ActiveCfg = Release|Any CPU
		{B877E379-63D8-4E44-94D8-5DCB67BA226E}.Release|Any CPU.Build.0 = Release|Any CPU
		{D41AB93B-DF33-4834-95B5-52D898752A32}.Debug|Any CPU.ActiveCfg = Debug|Any CPU
		{D41AB93B-DF33-4834-95B5-52D898752A32}.Debug|Any CPU.Build.0 = Debug|Any CPU
		{D41AB93B-DF33-4834-95B5-52D898752A32}.Release|Any CPU.ActiveCfg = Release|Any CPU
		{D41AB93B-DF33-4834-95B5-52D898752A32}.Release|Any CPU.Build.0 = Release|Any CPU
		{E1BB35DB-A280-4464-BE18-DD9941FE4387}.Debug|Any CPU.ActiveCfg = Debug|Any CPU
		{E1BB35DB-A280-4464-BE18-DD9941FE4387}.Debug|Any CPU.Build.0 = Debug|Any CPU
		{E1BB35DB-A280-4464-BE18-DD9941FE4387}.Release|Any CPU.ActiveCfg = Release|Any CPU
		{E1BB35DB-A280-4464-BE18-DD9941FE4387}.Release|Any CPU.Build.0 = Release|Any CPU
	EndGlobalSection
	GlobalSection(SolutionProperties) = preSolution
		HideSolutionNode = FALSE
	EndGlobalSection
	GlobalSection(ExtensibilityGlobals) = postSolution
		SolutionGuid = {6327FE17-9A4E-4F73-90DE-476637A52F09}
	EndGlobalSection
EndGlobal
